Microsoft Visual Studio Solution File, Format Version 11.00
# Visual Studio 2008

Project("{21DABFA8-B58F-1DDD-6502-F24D6250B904}") = "TrickofTreehouse", "Assembly-CSharp.csproj", "{2DDAE04B-03A2-F0AD-597A-26653087D5CD}"
EndProject
Global
	GlobalSection(SolutionConfigurationPlatforms) = preSolution
		Debug|Any CPU = Debug|Any CPU
		Release|Any CPU = Release|Any CPU
	EndGlobalSection
	GlobalSection(ProjectConfigurationPlatforms) = postSolution
		{2DDAE04B-03A2-F0AD-597A-26653087D5CD}.Debug|Any CPU.ActiveCfg = Debug|Any CPU
		{2DDAE04B-03A2-F0AD-597A-26653087D5CD}.Debug|Any CPU.Build.0 = Debug|Any CPU
		{2DDAE04B-03A2-F0AD-597A-26653087D5CD}.Release|Any CPU.ActiveCfg = Release|Any CPU
		{2DDAE04B-03A2-F0AD-597A-26653087D5CD}.Release|Any CPU.Build.0 = Release|Any CPU
	EndGlobalSection
	GlobalSection(SolutionProperties) = preSolution
		HideSolutionNode = FALSE
	EndGlobalSection
	GlobalSection(MonoDevelopProperties) = preSolution
		StartupItem = Assembly-CSharp.csproj
	EndGlobalSection
EndGlobal
